
Microsoft Visual Studio Solution File, Format Version 12.00
# Visual Studio Version 17
VisualStudioVersion = 17.0.31903.59
MinimumVisualStudioVersion = 10.0.40219.1
Project("{2150E333-8FDC-42A3-9474-1A3956D46DE8}") = "src", "src", "{827E0CD3-B72D-47B6-A68D-7590B98EB39B}"
EndProject
Project("{FAE04EC0-301F-11D3-BF4B-00C04F79EFBC}") = "Zooper.Tools.Marten.ApplyEnforcer.Contracts", "src\Zooper.Tools.Marten.ApplyEnforcer.Contracts\Zooper.Tools.Marten.ApplyEnforcer.Contracts.csproj", "{EC821D4A-9E24-4600-9240-1DBF002924E1}"
EndProject
Project("{FAE04EC0-301F-11D3-BF4B-00C04F79EFBC}") = "Zooper.Tools.Marten.ApplyEnforcer.Analyzers", "src\Zooper.Tools.Marten.ApplyEnforcer.Analyzers\Zooper.Tools.Marten.ApplyEnforcer.Analyzers.csproj", "{3909048B-C537-47DD-A506-9782E1903B59}"
EndProject
Project("{FAE04EC0-301F-11D3-BF4B-00C04F79EFBC}") = "Zooper.Tools.Marten.ApplyEnforcer.Tests", "tests\Zooper.Tools.Marten.ApplyEnforcer.Tests\Zooper.Tools.Marten.ApplyEnforcer.Tests.csproj", "{661032AF-BD01-46EC-8954-2359E95722F2}"
EndProject
Global
	GlobalSection(SolutionConfigurationPlatforms) = preSolution
		Debug|Any CPU = Debug|Any CPU
		Debug|x64 = Debug|x64
		Debug|x86 = Debug|x86
		Release|Any CPU = Release|Any CPU
		Release|x64 = Release|x64
		Release|x86 = Release|x86
	EndGlobalSection
	GlobalSection(ProjectConfigurationPlatforms) = postSolution
		{EC821D4A-9E24-4600-9240-1DBF002924E1}.Debug|Any CPU.ActiveCfg = Debug|Any CPU
		{EC821D4A-9E24-4600-9240-1DBF002924E1}.Debug|Any CPU.Build.0 = Debug|Any CPU
		{EC821D4A-9E24-4600-9240-1DBF002924E1}.Debug|x64.ActiveCfg = Debug|Any CPU
		{EC821D4A-9E24-4600-9240-1DBF002924E1}.Debug|x64.Build.0 = Debug|Any CPU
		{EC821D4A-9E24-4600-9240-1DBF002924E1}.Debug|x86.ActiveCfg = Debug|Any CPU
		{EC821D4A-9E24-4600-9240-1DBF002924E1}.Debug|x86.Build.0 = Debug|Any CPU
		{EC821D4A-9E24-4600-9240-1DBF002924E1}.Release|Any CPU.ActiveCfg = Release|Any CPU
		{EC821D4A-9E24-4600-9240-1DBF002924E1}.Release|Any CPU.Build.0 = Release|Any CPU
		{EC821D4A-9E24-4600-9240-1DBF002924E1}.Release|x64.ActiveCfg = Release|Any CPU
		{EC821D4A-9E24-4600-9240-1DBF002924E1}.Release|x64.Build.0 = Release|Any CPU
		{EC821D4A-9E24-4600-9240-1DBF002924E1}.Release|x86.ActiveCfg = Release|Any CPU
		{EC821D4A-9E24-4600-9240-1DBF002924E1}.Release|x86.Build.0 = Release|Any CPU
		{3909048B-C537-47DD-A506-9782E1903B59}.Debug|Any CPU.ActiveCfg = Debug|Any CPU
		{3909048B-C537-47DD-A506-9782E1903B59}.Debug|Any CPU.Build.0 = Debug|Any CPU
		{3909048B-C537-47DD-A506-9782E1903B59}.Debug|x64.ActiveCfg = Debug|Any CPU
		{3909048B-C537-47DD-A506-9782E1903B59}.Debug|x64.Build.0 = Debug|Any CPU
		{3909048B-C537-47DD-A506-9782E1903B59}.Debug|x86.ActiveCfg = Debug|Any CPU
		{3909048B-C537-47DD-A506-9782E1903B59}.Debug|x86.Build.0 = Debug|Any CPU
		{3909048B-C537-47DD-A506-9782E1903B59}.Release|Any CPU.ActiveCfg = Release|Any CPU
		{3909048B-C537-47DD-A506-9782E1903B59}.Release|Any CPU.Build.0 = Release|Any CPU
		{3909048B-C537-47DD-A506-9782E1903B59}.Release|x64.ActiveCfg = Release|Any CPU
		{3909048B-C537-47DD-A506-9782E1903B59}.Release|x64.Build.0 = Release|Any CPU
		{3909048B-C537-47DD-A506-9782E1903B59}.Release|x86.ActiveCfg = Release|Any CPU
		{3909048B-C537-47DD-A506-9782E1903B59}.Release|x86.Build.0 = Release|Any CPU
		{661032AF-BD01-46EC-8954-2359E95722F2}.Debug|Any CPU.ActiveCfg = Debug|Any CPU
		{661032AF-BD01-46EC-8954-2359E95722F2}.Debug|Any CPU.Build.0 = Debug|Any CPU
		{661032AF-BD01-46EC-8954-2359E95722F2}.Debug|x64.ActiveCfg = Debug|Any CPU
		{661032AF-BD01-46EC-8954-2359E95722F2}.Debug|x64.Build.0 = Debug|Any CPU
		{661032AF-BD01-46EC-8954-2359E95722F2}.Debug|x86.ActiveCfg = Debug|Any CPU
		{661032AF-BD01-46EC-8954-2359E95722F2}.Debug|x86.Build.0 = Debug|Any CPU
		{661032AF-BD01-46EC-8954-2359E95722F2}.Release|Any CPU.ActiveCfg = Release|Any CPU
		{661032AF-BD01-46EC-8954-2359E95722F2}.Release|Any CPU.Build.0 = Release|Any CPU
		{661032AF-BD01-46EC-8954-2359E95722F2}.Release|x64.ActiveCfg = Release|Any CPU
		{661032AF-BD01-46EC-8954-2359E95722F2}.Release|x64.Build.0 = Release|Any CPU
		{661032AF-BD01-46EC-8954-2359E95722F2}.Release|x86.ActiveCfg = Release|Any CPU
		{661032AF-BD01-46EC-8954-2359E95722F2}.Release|x86.Build.0 = Release|Any CPU
	EndGlobalSection
	GlobalSection(SolutionProperties) = preSolution
		HideSolutionNode = FALSE
	EndGlobalSection
	GlobalSection(NestedProjects) = preSolution
		{EC821D4A-9E24-4600-9240-1DBF002924E1} = {827E0CD3-B72D-47B6-A68D-7590B98EB39B}
		{3909048B-C537-47DD-A506-9782E1903B59} = {827E0CD3-B72D-47B6-A68D-7590B98EB39B}
		{661032AF-BD01-46EC-8954-2359E95722F2} = {827E0CD3-B72D-47B6-A68D-7590B98EB39B}
	EndGlobalSection
EndGlobal
